
Microsoft Visual Studio Solution File, Format Version 12.00
# Visual Studio Version 17
VisualStudioVersion = 17.5.33424.131
MinimumVisualStudioVersion = 10.0.40219.1
Project("{FAE04EC0-301F-11D3-BF4B-00C04F79EFBC}") = "Cascading Dropdown List ASP .NET Core 7 with SQL Server Database", "Cascading Dropdown List ASP .NET Core 7 with SQL Server Database\Cascading Dropdown List ASP .NET Core 7 with SQL Server Database.csproj", "{E81386B8-B3E4-4AAE-985C-85C606A8B088}"
EndProject
Global
	GlobalSection(SolutionConfigurationPlatforms) = preSolution
		Debug|Any CPU = Debug|Any CPU
		Release|Any CPU = Release|Any CPU
	EndGlobalSection
	GlobalSection(ProjectConfigurationPlatforms) = postSolution
		{E81386B8-B3E4-4AAE-985C-85C606A8B088}.Debug|Any CPU.ActiveCfg = Debug|Any CPU
		{E81386B8-B3E4-4AAE-985C-85C606A8B088}.Debug|Any CPU.Build.0 = Debug|Any CPU
		{E81386B8-B3E4-4AAE-985C-85C606A8B088}.Release|Any CPU.ActiveCfg = Release|Any CPU
		{E81386B8-B3E4-4AAE-985C-85C606A8B088}.Release|Any CPU.Build.0 = Release|Any CPU
	EndGlobalSection
	GlobalSection(SolutionProperties) = preSolution
		HideSolutionNode = FALSE
	EndGlobalSection
	GlobalSection(ExtensibilityGlobals) = postSolution
		SolutionGuid = {DB86E251-6BFE-4EA2-AF31-AEC5983549E9}
	EndGlobalSection
EndGlobal
